github.com/armon/go-radix v1.0.0 h1:F4z6KzEeeQIMeLFa97iZU6vupzoecKdU5TX24SNppXI=
github.com/armon/go-radix v1.0.0/go.mod h1:ufUuZ+zHj4x4TnLV4JWEpy2hxWSpsRywHrMgIH9cCH8=
github.com/davecgh/go-spew v1.1.2-0.20180830191138-d8f796af33cc h1:U9qPSI2PIWSS1VwoXQT9A3Wy9MM3WgvqSxFWenqJduM=
github.com/davecgh/go-spew v1.1.2-0.20180830191138-d8f796af33cc/go.mod h1:J7Y8YcW2NihsgmVo/mv3lAwl/skON4iLHjSsI+c5H38=
github.com/elastic/go-sysinfo v1.15.4 h1:A3zQcunCxik14MgXu39cXFXcIw2sFXZ0zL886eyiv1Q=
github.com/elastic/go-sysinfo v1.15.4/go.mod h1:ZBVXmqS368dOn/jvijV/zHLfakWTYHBZPk3G244lHrU=
github.com/elastic/go-windows v1.0.2 h1:yoLLsAsV5cfg9FLhZ9EXZ2n2sQFKeDYrHenkcivY4vI=
github.com/elastic/go-windows v1.0.2/go.mod h1:bGcDpBzXgYSqM0Gx3DM4+UxFj300SZLixie9u9ixLM8=
github.com/go-kratos/aegis v0.2.0 h1:dObzCDWn3XVjUkgxyBp6ZeWtx/do0DPZ7LY3yNSJLUQ=
github.com/go-kratos/aegis v0.2.0/go.mod h1:v0R2m73WgEEYB3XYu6aE2WcMwsZkJ/Rzuf5eVccm7bI=
github.com/go-kratos/kratos/v2 v2.9.1 h1:EGif6/S/aK/RCR5clIbyhioTNyoSrii3FC118jG40Z0=
github.com/go-kratos/kratos/v2 v2.9.1/go.mod h1:a1MQLjMhIh7R0kcJS9SzJYR43BRI7EPzzN0J1Ksu2bA=
github.com/go-playground/assert/v2 v2.2.0 h1:JvknZsQTYeFEAhQwI4qEt9cyV5ONwRHC+lYKSsYSR8s=
github.com/go-playground/assert/v2 v2.2.0/go.mod h1:VDjEfimB/XKnb+ZQfWdccd7VUvScMdVu0Titje2rxJ4=
github.com/go-playground/form/v4 v4.3.0 h1:OVttojbQv2WNCs4P+VnjPtrt/+30Ipw4890W3OaFlvk=
github.com/go-playground/form/v4 v4.3.0/go.mod h1:Cpe1iYJKoXb1vILRXEwxpWMGWyQuqplQ/4cvPecy+Jo=
github.com/go-xlan/elasticapm v0.0.10 h1:tGeU/HmNCVtjk2FDEHHZv7pjMDG42p6CJm0VP50vEEY=
github.com/go-xlan/elasticapm v0.0.10/go.mod h1:z47DxU6jFlZg8foQg0OEf2nw/KeQD/Lz7WfBTbqS5fo=
github.com/golang/protobuf v1.5.4 h1:i7eJL8qZTpSEXOPTxNKhASYpMn+8e5Q6AdndVa1dWek=
github.com/golang/protobuf v1.5.4/go.mod h1:lnTiLA8Wa4RWRcIUkrtSVa5nRhsEGBg48fD6rSs7xps=
github.com/google/go-cmp v0.7.0 h1:wk8382ETsv4JYUZwIsn6YpYiWiBsYLSJiTsyBybVuN8=
github.com/google/go-cmp v0.7.0/go.mod h1:pXiqmnSA92OHEEa9HXL2W4E7lf9JzCmGVUdgjX3N/iU=
github.com/google/uuid v1.6.0 h1:NIvaJDMOsjHA8n1jAhLSgzrAzy1Hgr+hNrb57e+94F0=
github.com/google/uuid v1.6.0/go.mod h1:TIyPZe4MgqvfeYDBFedMoGGpEw/LqOeaOT+nhxU+yHo=
github.com/gorilla/mux v1.8.1 h1:TuBL49tXwgrFYWhqrNgrUNEY92u81SPhu7sTdzQEiWY=
github.com/gorilla/mux v1.8.1/go.mod h1:AKf9I4AEqPTmMytcMc0KkNouC66V3BtZ4qD5fmWSiMQ=
github.com/jessevdk/go-flags v1.4.0/go.mod h1:4FA24M0QyGHXBuZZK/XkWh8h0e1EYbRYJSGM75WSRxI=
github.com/kr/pretty v0.3.1 h1:flRD4NNwYAUpkphVc1HcthR4KEIFJ65n8Mw5qdRn3LE=
github.com/kr/pretty v0.3.1/go.mod h1:hoEshYVHaxMs3cyo3Yncou5ZscifuDolrwPKZanG3xk=
github.com/kr/text v0.2.0 h1:5Nx0Ya0ZqY2ygV366QzturHI13Jq95ApcVaJBhpS+AY=
github.com/kr/text v0.2.0/go.mod h1:eLer722TekiGuMkidMxC/pM04lWEeraHUUmBw8l2grE=
github.com/pkg/errors v0.9.1 h1:FEBLx1zS214owpjy7qsBeixbURkuhQAwrK5UwLGTwt4=
github.com/pkg/errors v0.9.1/go.mod h1:bwawxfHBFNV+L2hUp1rHADufV3IMtnDRdf1r5NINEl0=
github.com/pmezard/go-difflib v1.0.1-0.20181226105442-5d4384ee4fb2 h1:Jamvg5psRIccs7FGNTlIRMkT8wgtp5eCXdBlqhYGL6U=
github.com/pmezard/go-difflib v1.0.1-0.20181226105442-5d4384ee4fb2/go.mod h1:iKH77koFhYxTK1pcRnkKkqfTogsbg7gZNVY4sRDYZ/4=
github.com/prometheus/procfs v0.19.2 h1:zUMhqEW66Ex7OXIiDkll3tl9a1ZdilUOd/F6ZXw4Vws=
github.com/prometheus/procfs v0.19.2/go.mod h1:M0aotyiemPhBCM0z5w87kL22CxfcH05ZpYlu+b4J7mw=
github.com/rogpeppe/go-internal v1.13.1 h1:KvO1DLK/DRN07sQ1LQKScxyZJuNnedQ5/wKSR38lUII=
github.com/rogpeppe/go-internal v1.13.1/go.mod h1:uMEvuHeurkdAXX61udpOXGD/AzZDWNMNyH2VO9fmH0o=
github.com/stretchr/objx v0.5.2 h1:xuMeJ0Sdp5ZMRXx/aWO6RZxdr3beISkG5/G/aIRr3pY=
github.com/stretchr/objx v0.5.2/go.mod h1:FRsXN1f5AsAjCGJKqEizvkpNtU+EGNCLh3NxZ/8L+MA=
github.com/stretchr/testify v1.11.1 h1:7s2iGBzp5EwR7/aIZr8ao5+dra3wiQyKjjFuvgVKu7U=
github.com/stretchr/testify v1.11.1/go.mod h1:wZwfW3scLgRK+23gO65QZefKpKQRnfz6sD981Nm4B6U=
github.com/yyle88/done v1.0.28 h1:ZlC5ENTHAR0CQm19t1WhpbtKsKNPwsrXRtDewFsq4HA=
github.com/yyle88/done v1.0.28/go.mod h1:dc0SzvQkX4NLEIz2shgYvETprQ6c0VZb+DCDtIi9n2Q=
github.com/yyle88/erero v1.0.24 h1:yroawlW4IohY4bK4SonMBNI2tlZftPjtfhYYBtBfCxw=
github.com/yyle88/erero v1.0.24/go.mod h1:KoTJmpyuKtQddt1QEQidwmewilCWwEH8rn5NsIAZ8XE=
github.com/yyle88/formatgo v1.0.27 h1:hlBtDh8n0UYKWlEH+M638fJjTzu8XhfAzYWsfUs71ZM=
github.com/yyle88/formatgo v1.0.27/go.mod h1:QjfyrRvoCnKgw8Jr6ifHSQwAvIlLkNFjMI37rA9qSNU=
github.com/yyle88/must v0.0.28 h1:p6iO/tD3wuHfaiILQixI7IoZ501384wdAfgFnFlL1t0=
github.com/yyle88/must v0.0.28/go.mod h1:3KE9bwEdCCodFDmyXQOMLnjKBI+TD0uW+tf1ZH0dxlo=
github.com/yyle88/mutexmap v1.0.15 h1:vqwtvomfzddcuBNg8hofWnILRFK2STJhWU7AufuNS50=
github.com/yyle88/mutexmap v1.0.15/go.mod h1:NqwsKlK+NkL18i4BepeyCgtenXuw4N5UUnEX9XBfPA8=
github.com/yyle88/neatjson v0.0.13 h1:+1Ihb43IZLkYAd+lapnvUJN20bTjSAkoTE/2gssBew8=
github.com/yyle88/neatjson v0.0.13/go.mod h1:BOgA69f27Bd/yj2xnIWldratF3WwIrMKrBgo9eIZGb0=
github.com/yyle88/printgo v1.0.6 h1:b53uyCdlijObvuyHVECiiEWQIDfuOpuHVrkNQIdR5bU=
github.com/yyle88/printgo v1.0.6/go.mod h1:14qsuuTovdfgHtle0e4ln6zci47Xtkdx9CCkUo3vxoc=
github.com/yyle88/rese v0.0.11 h1:GjTlfhlEXiy6GPfTChlyOY9lqEVq1yY1O4Wpp1ZI4Ew=
github.com/yyle88/rese v0.0.11/go.mod h1:Kst4nghSQBL0uAquA/A01BW9hmW4pfpMplEleGQkSpY=
github.com/yyle88/runpath v1.0.24 h1:jyFwGS0RbgOJS1dblMh1DBWckRN+MVomTT89cgmsFAw=
github.com/yyle88/runpath v1.0.24/go.mod h1:j1JvgyOK3WLRaEq6UHIiAp1voenfC5m6oGEav7ftBx4=
github.com/yyle88/sure v0.0.42 h1:dsA7p/46AR9vanEPWYLJrlXEmwb+E/DePtImKzlKaBc=
github.com/yyle88/sure v0.0.42/go.mod h1:G1YnfMptgQkkM+rOXoiAnFYt78z0fZMV3NTwHXfaCJU=
github.com/yyle88/syntaxgo v0.0.54 h1:CBQA4HqLgo5Hoze/PDUsnDJ8J+raoYLa1OTH+sQtFwY=
github.com/yyle88/syntaxgo v0.0.54/go.mod h1:3hNzb1C8zfk527A45181sFB/3gCl1hgIcDyTC1UqKzk=
github.com/yyle88/tern v0.0.9 h1:d/0afYxeAcUs/vjHqviswMq45NYGPHQQCh1cXA7CPRs=
github.com/yyle88/tern v0.0.9/go.mod h1:OHHE2G1gYaX4q0uu3sG9JAK9dBjHboxGcTXbRPVoGeQ=
github.com/yyle88/zaplog v0.0.27 h1:Bd/XWeAeRDEsFdtHphEqPK+W3M9WNd/dzf5x6YXeSkY=
github.com/yyle88/zaplog v0.0.27/go.mod h1:0BOxIR1lFh4vdiCyR5zuj4DmTFK36FbpjOWAdjMwSDU=
go.elastic.co/apm/module/apmhttp/v2 v2.7.1 h1:1uPHesdm9nKytQ/N0bPmlS7F69oXvkzW+IlvzQuDUs8=
go.elastic.co/apm/module/apmhttp/v2 v2.7.1/go.mod h1:DlBnNivf+eArsEI1QtUx7fygo/JDbdMIcU9+i/Wid1U=
go.elastic.co/apm/v2 v2.7.1 h1:OFjARuESjBsxw7wHrEAnfSVNCHGBATXSI/kPvBARY/A=
go.elastic.co/apm/v2 v2.7.1/go.mod h1:tQhBAjwh93b2leuAdzGwta/sP7Yc7QoKTSjeIHHDuog=
go.elastic.co/fastjson v1.5.1 h1:zeh1xHrFH79aQ6Xsw7YxixvnOdAl3OSv0xch/jRDzko=
go.elastic.co/fastjson v1.5.1/go.mod h1:WtvH5wz8z9pDOPqNYSYKoLLv/9zCWZLeejHWuvdL/EM=
go.uber.org/goleak v1.3.0 h1:2K3zAYmnTNqV73imy9J1T3WC+gmCePx2hEGkimedGto=
go.uber.org/goleak v1.3.0/go.mod h1:CoHD4mav9JJNrW/WLlf7HGZPjdw8EucARQHekz1X6bE=
go.uber.org/multierr v1.11.0 h1:blXXJkSxSSfBVBlC76pxqeO+LN3aDfLQo+309xJstO0=
go.uber.org/multierr v1.11.0/go.mod h1:20+QtiLqy0Nd6FdQB9TLXag12DsQkrbs3htMFfDN80Y=
go.uber.org/zap v1.27.0 h1:aJMhYGrd5QSmlpLMr2MftRKl7t8J8PTZPA732ud/XR8=
go.uber.org/zap v1.27.0/go.mod h1:GB2qFLM7cTU87MWRP2mPIjqfIDnGu+VIO4V/SdhGo2E=
golang.org/x/exp v0.0.0-20251023183803-a4bb9ffd2546 h1:mgKeJMpvi0yx/sU5GsxQ7p6s2wtOnGAHZWCHUM4KGzY=
golang.org/x/exp v0.0.0-20251023183803-a4bb9ffd2546/go.mod h1:j/pmGrbnkbPtQfxEe5D0VQhZC6qKbfKifgD0oM7sR70=
golang.org/x/mod v0.30.0 h1:fDEXFVZ/fmCKProc/yAXXUijritrDzahmwwefnjoPFk=
golang.org/x/mod v0.30.0/go.mod h1:lAsf5O2EvJeSFMiBxXDki7sCgAxEUcZHXoXMKT4GJKc=
golang.org/x/net v0.47.0 h1:Mx+4dIFzqraBXUugkia1OOvlD6LemFo1ALMHjrXDOhY=
golang.org/x/net v0.47.0/go.mod h1:/jNxtkgq5yWUGYkaZGqo27cfGZ1c5Nen03aYrrKpVRU=
golang.org/x/sync v0.17.0 h1:l60nONMj9l5drqw6jlhIELNv9I0A4OFgRsG9k2oT9Ug=
golang.org/x/sync v0.17.0/go.mod h1:9KTHXmSnoGruLpwFjVSX0lNNA75CykiMECbovNTZqGI=
golang.org/x/sys v0.38.0 h1:3yZWxaJjBmCWXqhN1qh02AkOnCQ1poK6oF+a7xWL6Gc=
golang.org/x/sys v0.38.0/go.mod h1:OgkHotnGiDImocRcuBABYBEXf8A9a87e/uXjp9XT3ks=
golang.org/x/text v0.31.0 h1:aC8ghyu4JhP8VojJ2lEHBnochRno1sgL6nEi9WGFGMM=
golang.org/x/text v0.31.0/go.mod h1:tKRAlv61yKIjGGHX/4tP1LTbc13YSec1pxVEWXzfoeM=
golang.org/x/tools v0.38.0 h1:Hx2Xv8hISq8Lm16jvBZ2VQf+RLmbd7wVUsALibYI/IQ=
golang.org/x/tools v0.38.0/go.mod h1:yEsQ/d/YK8cjh0L6rZlY8tgtlKiBNTL14pGDJPJpYQs=
google.golang.org/genproto/googleapis/rpc v0.0.0-20251111163417-95abcf5c77ba h1:UKgtfRM7Yh93Sya0Fo8ZzhDP4qBckrrxEr2oF5UIVb8=
google.golang.org/genproto/googleapis/rpc v0.0.0-20251111163417-95abcf5c77ba/go.mod h1:7i2o+ce6H/6BluujYR+kqX3GKH+dChPTQU19wjRPiGk=
google.golang.org/grpc v1.77.0 h1:wVVY6/8cGA6vvffn+wWK5ToddbgdU3d8MNENr4evgXM=
google.golang.org/grpc v1.77.0/go.mod h1:z0BY1iVj0q8E1uSQCjL9cppRj+gnZjzDnzV0dHhrNig=
google.golang.org/protobuf v1.36.10 h1:AYd7cD/uASjIL6Q9LiTjz8JLcrh/88q5UObnmY3aOOE=
google.golang.org/protobuf v1.36.10/go.mod h1:HTf+CrKn2C3g5S8VImy6tdcUvCska2kB7j23XfzDpco=
gopkg.in/check.v1 v0.0.0-20161208181325-20d25e280405/go.mod h1:Co6ibVJAznAaIkqp8huTwlJQCZ016jof/cbN4VW5Yz0=
gopkg.in/check.v1 v1.0.0-20201130134442-10cb98267c6c h1:Hei/4ADfdWqJk1ZMxUNpqntNwaWcugrBjAiHlqqRiVk=
gopkg.in/check.v1 v1.0.0-20201130134442-10cb98267c6c/go.mod h1:JHkPIbrfpd72SG/EVd6muEfDQjcINNoR0C8j2r3qZ4Q=
gopkg.in/yaml.v1 v1.0.0-20140924161607-9f9df34309c0/go.mod h1:WDnlLJ4WF5VGsH/HVa3CI79GS0ol3YnhVnKP89i0kNg=
gopkg.in/yaml.v3 v3.0.1 h1:fxVm/GzAzEWqLHuvctI91KS9hhNmmWOoWu0XTYJS7CA=
gopkg.in/yaml.v3 v3.0.1/go.mod h1:K4uyk7z7BCEPqu6E+C64Yfv1cQ7kz7rIZviUmN+EgEM=
howett.net/plist v1.0.1 h1:37GdZ8tP09Q35o9ych3ehygcsL+HqKSwzctveSlarvM=
howett.net/plist v1.0.1/go.mod h1:lqaXoTrLY4hg8tnEzNru53gicrbv7rrk+2xJA/7hw9g=
